
Microsoft Visual Studio Solution File, Format Version 12.00
# Visual Studio Version 17
VisualStudioVersion = 17.4.33213.308
MinimumVisualStudioVersion = 10.0.40219.1
Project("{9A19103F-16F7-4668-BE54-9A1E7A4F7556}") = "ConsoleWithoutGenericHost", "ConsoleWithoutGenericHost\ConsoleWithoutGenericHost.csproj", "{BF67FB9E-D329-4E6E-93A7-7131591DA656}"
EndProject
Project("{9A19103F-16F7-4668-BE54-9A1E7A4F7556}") = "ConsoleUtility", "ConsoleUtility\ConsoleUtility.csproj", "{14850A28-70AE-45B6-9D56-0BC649B9C859}"
EndProject
Project("{9A19103F-16F7-4668-BE54-9A1E7A4F7556}") = "ConsoleWithGenericHost", "ConsoleWithGenericHost\ConsoleWithGenericHost.csproj", "{5504A48A-CBB3-4DAB-8B03-533EE4B847E8}"
EndProject
Project("{9A19103F-16F7-4668-BE54-9A1E7A4F7556}") = "Log4Net.LogUtility", "Log4Net.LogUtility\Log4Net.LogUtility.csproj", "{D6DECA3F-D169-4ECC-88F8-412386677990}"
EndProject
Project("{9A19103F-16F7-4668-BE54-9A1E7A4F7556}") = "ConsoleLog4Net", "ConsoleLog4Net\ConsoleLog4Net.csproj", "{D4A0E14D-1B41-4CFD-9F4C-81D1613B5B08}"
EndProject
Project("{9A19103F-16F7-4668-BE54-9A1E7A4F7556}") = "ConsoleAsync", "ConsoleAsync\ConsoleAsync.csproj", "{F6DB0F8C-7180-4B79-8436-5B308691F814}"
EndProject
Project("{9A19103F-16F7-4668-BE54-9A1E7A4F7556}") = "ConsoleAsync2", "ConsoleAsync2\ConsoleAsync2.csproj", "{353759BD-01D8-424A-9A8A-49AFC9D42BC3}"
EndProject
Project("{9A19103F-16F7-4668-BE54-9A1E7A4F7556}") = "ConsoleAsync3", "ConsoleAsync3\ConsoleAsync3.csproj", "{37EDD83F-5837-4147-98E5-1CCF388143D2}"
EndProject
Project("{9A19103F-16F7-4668-BE54-9A1E7A4F7556}") = "ConsoleRegex", "ConsoleRegex\ConsoleRegex.csproj", "{212DD3E6-A619-40AD-90EF-75114B25AF83}"
EndProject
Project("{FAE04EC0-301F-11D3-BF4B-00C04F79EFBC}") = "ConsoleReflection", "ConsoleReflection\ConsoleReflection.csproj", "{27DEEC3B-4CE0-47F2-8B1A-EC91C1A04658}"
EndProject
Global
	GlobalSection(SolutionConfigurationPlatforms) = preSolution
		Debug|Any CPU = Debug|Any CPU
		Release|Any CPU = Release|Any CPU
	EndGlobalSection
	GlobalSection(ProjectConfigurationPlatforms) = postSolution
		{BF67FB9E-D329-4E6E-93A7-7131591DA656}.Debug|Any CPU.ActiveCfg = Debug|Any CPU
		{BF67FB9E-D329-4E6E-93A7-7131591DA656}.Debug|Any CPU.Build.0 = Debug|Any CPU
		{BF67FB9E-D329-4E6E-93A7-7131591DA656}.Release|Any CPU.ActiveCfg = Release|Any CPU
		{BF67FB9E-D329-4E6E-93A7-7131591DA656}.Release|Any CPU.Build.0 = Release|Any CPU
		{14850A28-70AE-45B6-9D56-0BC649B9C859}.Debug|Any CPU.ActiveCfg = Debug|Any CPU
		{14850A28-70AE-45B6-9D56-0BC649B9C859}.Debug|Any CPU.Build.0 = Debug|Any CPU
		{14850A28-70AE-45B6-9D56-0BC649B9C859}.Release|Any CPU.ActiveCfg = Release|Any CPU
		{14850A28-70AE-45B6-9D56-0BC649B9C859}.Release|Any CPU.Build.0 = Release|Any CPU
		{5504A48A-CBB3-4DAB-8B03-533EE4B847E8}.Debug|Any CPU.ActiveCfg = Debug|Any CPU
		{5504A48A-CBB3-4DAB-8B03-533EE4B847E8}.Debug|Any CPU.Build.0 = Debug|Any CPU
		{5504A48A-CBB3-4DAB-8B03-533EE4B847E8}.Release|Any CPU.ActiveCfg = Release|Any CPU
		{5504A48A-CBB3-4DAB-8B03-533EE4B847E8}.Release|Any CPU.Build.0 = Release|Any CPU
		{D6DECA3F-D169-4ECC-88F8-412386677990}.Debug|Any CPU.ActiveCfg = Debug|Any CPU
		{D6DECA3F-D169-4ECC-88F8-412386677990}.Debug|Any CPU.Build.0 = Debug|Any CPU
		{D6DECA3F-D169-4ECC-88F8-412386677990}.Release|Any CPU.ActiveCfg = Release|Any CPU
		{D6DECA3F-D169-4ECC-88F8-412386677990}.Release|Any CPU.Build.0 = Release|Any CPU
		{D4A0E14D-1B41-4CFD-9F4C-81D1613B5B08}.Debug|Any CPU.ActiveCfg = Debug|Any CPU
		{D4A0E14D-1B41-4CFD-9F4C-81D1613B5B08}.Debug|Any CPU.Build.0 = Debug|Any CPU
		{D4A0E14D-1B41-4CFD-9F4C-81D1613B5B08}.Release|Any CPU.ActiveCfg = Release|Any CPU
		{D4A0E14D-1B41-4CFD-9F4C-81D1613B5B08}.Release|Any CPU.Build.0 = Release|Any CPU
		{F6DB0F8C-7180-4B79-8436-5B308691F814}.Debug|Any CPU.ActiveCfg = Debug|Any CPU
		{F6DB0F8C-7180-4B79-8436-5B308691F814}.Debug|Any CPU.Build.0 = Debug|Any CPU
		{F6DB0F8C-7180-4B79-8436-5B308691F814}.Release|Any CPU.ActiveCfg = Release|Any CPU
		{F6DB0F8C-7180-4B79-8436-5B308691F814}.Release|Any CPU.Build.0 = Release|Any CPU
		{353759BD-01D8-424A-9A8A-49AFC9D42BC3}.Debug|Any CPU.ActiveCfg = Debug|Any CPU
		{353759BD-01D8-424A-9A8A-49AFC9D42BC3}.Debug|Any CPU.Build.0 = Debug|Any CPU
		{353759BD-01D8-424A-9A8A-49AFC9D42BC3}.Release|Any CPU.ActiveCfg = Release|Any CPU
		{353759BD-01D8-424A-9A8A-49AFC9D42BC3}.Release|Any CPU.Build.0 = Release|Any CPU
		{37EDD83F-5837-4147-98E5-1CCF388143D2}.Debug|Any CPU.ActiveCfg = Debug|Any CPU
		{37EDD83F-5837-4147-98E5-1CCF388143D2}.Debug|Any CPU.Build.0 = Debug|Any CPU
		{37EDD83F-5837-4147-98E5-1CCF388143D2}.Release|Any CPU.ActiveCfg = Release|Any CPU
		{37EDD83F-5837-4147-98E5-1CCF388143D2}.Release|Any CPU.Build.0 = Release|Any CPU
		{212DD3E6-A619-40AD-90EF-75114B25AF83}.Debug|Any CPU.ActiveCfg = Debug|Any CPU
		{212DD3E6-A619-40AD-90EF-75114B25AF83}.Debug|Any CPU.Build.0 = Debug|Any CPU
		{212DD3E6-A619-40AD-90EF-75114B25AF83}.Release|Any CPU.ActiveCfg = Release|Any CPU
		{212DD3E6-A619-40AD-90EF-75114B25AF83}.Release|Any CPU.Build.0 = Release|Any CPU
		{27DEEC3B-4CE0-47F2-8B1A-EC91C1A04658}.Debug|Any CPU.ActiveCfg = Debug|Any CPU
		{27DEEC3B-4CE0-47F2-8B1A-EC91C1A04658}.Debug|Any CPU.Build.0 = Debug|Any CPU
		{27DEEC3B-4CE0-47F2-8B1A-EC91C1A04658}.Release|Any CPU.ActiveCfg = Release|Any CPU
		{27DEEC3B-4CE0-47F2-8B1A-EC91C1A04658}.Release|Any CPU.Build.0 = Release|Any CPU
	EndGlobalSection
	GlobalSection(SolutionProperties) = preSolution
		HideSolutionNode = FALSE
	EndGlobalSection
	GlobalSection(ExtensibilityGlobals) = postSolution
		SolutionGuid = {71B1DAD1-F00D-4DCB-9DB1-34E59F03F141}
	EndGlobalSection
EndGlobal
